// !$*UTF8*$!
{
	archiveVersion = 1;
	classes = {
	};
	objectVersion = 46;
	objects = {

/* Begin PBXBuildFile section */
		5B503930187069E4002B2B12 /* ZZStandardCryptoEngine.cpp in Sources */ = {isa = PBXBuildFile; fileRef = 5B50392E187069E4002B2B12 /* ZZStandardCryptoEngine.cpp */; };
		5B503931187069E4002B2B12 /* ZZStandardCryptoEngine.h in Headers */ = {isa = PBXBuildFile; fileRef = 5B50392F187069E4002B2B12 /* ZZStandardCryptoEngine.h */; };
		5B50393418707C37002B2B12 /* ZZStandardDecryptInputStream.h in Headers */ = {isa = PBXBuildFile; fileRef = 5B50393218707C36002B2B12 /* ZZStandardDecryptInputStream.h */; };
		5BC58CA618745940002FAE04 /* large-test-encrypted-standard.zip in Resources */ = {isa = PBXBuildFile; fileRef = 5BC58CA418745940002FAE04 /* large-test-encrypted-standard.zip */; };
		5BC58CA718745940002FAE04 /* small-test-encrypted-standard.zip in Resources */ = {isa = PBXBuildFile; fileRef = 5BC58CA518745940002FAE04 /* small-test-encrypted-standard.zip */; };
		5BC58CAC18745D22002FAE04 /* ZZStandardCryptoEngine.cpp in Sources */ = {isa = PBXBuildFile; fileRef = 5B50392E187069E4002B2B12 /* ZZStandardCryptoEngine.cpp */; };
		5BC58CAD18745D22002FAE04 /* ZZStandardCryptoEngine.cpp in Sources */ = {isa = PBXBuildFile; fileRef = 5B50392E187069E4002B2B12 /* ZZStandardCryptoEngine.cpp */; };
		5BC58CB018745D28002FAE04 /* ZZStoreOutputStream.m in Sources */ = {isa = PBXBuildFile; fileRef = D899CFE1162C608300112F49 /* ZZStoreOutputStream.m */; };
		5BC58CB218745D2E002FAE04 /* ZZFileChannelOutput.m in Sources */ = {isa = PBXBuildFile; fileRef = D84A44A916A0E30B00CF00A9 /* ZZFileChannelOutput.m */; };
		5BC58CB318745D30002FAE04 /* ZZDeflateOutputStream.m in Sources */ = {isa = PBXBuildFile; fileRef = D899CFDF162C608300112F49 /* ZZDeflateOutputStream.m */; };
		5BC58CB418745D30002FAE04 /* ZZFileChannel.m in Sources */ = {isa = PBXBuildFile; fileRef = D84A44A416A0E2F400CF00A9 /* ZZFileChannel.m */; };
		5BC58CB518745D35002FAE04 /* ZZNewArchiveEntry.mm in Sources */ = {isa = PBXBuildFile; fileRef = D899CFE6162C608300112F49 /* ZZNewArchiveEntry.mm */; };
		5BC58CB618745D35002FAE04 /* ZZOldArchiveEntry.mm in Sources */ = {isa = PBXBuildFile; fileRef = D88E8E06163816FD002207B3 /* ZZOldArchiveEntry.mm */; };
		5BC58CB718745D35002FAE04 /* ZZNewArchiveEntryWriter.mm in Sources */ = {isa = PBXBuildFile; fileRef = D899CFE8162C608300112F49 /* ZZNewArchiveEntryWriter.mm */; };
		5BC58CB818745D35002FAE04 /* ZZOldArchiveEntryWriter.mm in Sources */ = {isa = PBXBuildFile; fileRef = D899CFE3162C608300112F49 /* ZZOldArchiveEntryWriter.mm */; };
		5BC58CB918745D35002FAE04 /* ZZDataChannel.m in Sources */ = {isa = PBXBuildFile; fileRef = D84A44AE16A0E8D600CF00A9 /* ZZDataChannel.m */; };
		5BC58CBA18745D35002FAE04 /* ZZDataChannelOutput.m in Sources */ = {isa = PBXBuildFile; fileRef = D84A44CE16A0F8B400CF00A9 /* ZZDataChannelOutput.m */; };
		D810EBCF164B19DA00200834 /* 拉链.txt in Resources */ = {isa = PBXBuildFile; fileRef = D810EBCE164B19DA00200834 /* 拉链.txt */; };
		D83425601876747200E7A559 /* ZZInflateInputStream.m in Sources */ = {isa = PBXBuildFile; fileRef = D834255F1876747200E7A559 /* ZZInflateInputStream.m */; };
		D83425611876747200E7A559 /* ZZInflateInputStream.m in Sources */ = {isa = PBXBuildFile; fileRef = D834255F1876747200E7A559 /* ZZInflateInputStream.m */; };
		D834256318767E1900E7A559 /* ZZStandardDecryptInputStream.mm in Sources */ = {isa = PBXBuildFile; fileRef = D834256218767E1900E7A559 /* ZZStandardDecryptInputStream.mm */; };
		D834256418767E1900E7A559 /* ZZStandardDecryptInputStream.mm in Sources */ = {isa = PBXBuildFile; fileRef = D834256218767E1900E7A559 /* ZZStandardDecryptInputStream.mm */; };
		D8366ACE16B1F8B400BC012E /* ZZError.h in Headers */ = {isa = PBXBuildFile; fileRef = D8366ACC16B1F8B400BC012E /* ZZError.h */; settings = {ATTRIBUTES = (Public, ); }; };
		D8366ACF16B1F8B400BC012E /* ZZError.m in Sources */ = {isa = PBXBuildFile; fileRef = D8366ACD16B1F8B400BC012E /* ZZError.m */; };
		D8366AD016B1F8B400BC012E /* ZZError.m in Sources */ = {isa = PBXBuildFile; fileRef = D8366ACD16B1F8B400BC012E /* ZZError.m */; };
		D8366ADF16B3625D00BC012E /* ZZError.h in CopyFiles */ = {isa = PBXBuildFile; fileRef = D8366ACC16B1F8B400BC012E /* ZZError.h */; };
		D84A449F16A0D91B00CF00A9 /* ZZChannel.h in Headers */ = {isa = PBXBuildFile; fileRef = D84A449E16A0D91B00CF00A9 /* ZZChannel.h */; };
		D84A44A216A0D99C00CF00A9 /* ZZChannelOutput.h in Headers */ = {isa = PBXBuildFile; fileRef = D84A44A116A0D99C00CF00A9 /* ZZChannelOutput.h */; };
		D84A44A516A0E2F400CF00A9 /* ZZFileChannel.h in Headers */ = {isa = PBXBuildFile; fileRef = D84A44A316A0E2F300CF00A9 /* ZZFileChannel.h */; };
		D84A44A616A0E2F400CF00A9 /* ZZFileChannel.m in Sources */ = {isa = PBXBuildFile; fileRef = D84A44A416A0E2F400CF00A9 /* ZZFileChannel.m */; };
		D84A44A716A0E2F400CF00A9 /* ZZFileChannel.m in Sources */ = {isa = PBXBuildFile; fileRef = D84A44A416A0E2F400CF00A9 /* ZZFileChannel.m */; };
		D84A44AA16A0E30C00CF00A9 /* ZZFileChannelOutput.h in Headers */ = {isa = PBXBuildFile; fileRef = D84A44A816A0E30B00CF00A9 /* ZZFileChannelOutput.h */; };
		D84A44AB16A0E30C00CF00A9 /* ZZFileChannelOutput.m in Sources */ = {isa = PBXBuildFile; fileRef = D84A44A916A0E30B00CF00A9 /* ZZFileChannelOutput.m */; };
		D84A44AC16A0E30C00CF00A9 /* ZZFileChannelOutput.m in Sources */ = {isa = PBXBuildFile; fileRef = D84A44A916A0E30B00CF00A9 /* ZZFileChannelOutput.m */; };
		D84A44AF16A0E8D600CF00A9 /* ZZDataChannel.h in Headers */ = {isa = PBXBuildFile; fileRef = D84A44AD16A0E8D600CF00A9 /* ZZDataChannel.h */; };
		D84A44B016A0E8D600CF00A9 /* ZZDataChannel.m in Sources */ = {isa = PBXBuildFile; fileRef = D84A44AE16A0E8D600CF00A9 /* ZZDataChannel.m */; };
		D84A44B116A0E8D600CF00A9 /* ZZDataChannel.m in Sources */ = {isa = PBXBuildFile; fileRef = D84A44AE16A0E8D600CF00A9 /* ZZDataChannel.m */; };
		D84A44CF16A0F8B400CF00A9 /* ZZDataChannelOutput.h in Headers */ = {isa = PBXBuildFile; fileRef = D84A44CD16A0F8B400CF00A9 /* ZZDataChannelOutput.h */; };
		D84A44D016A0F8B400CF00A9 /* ZZDataChannelOutput.m in Sources */ = {isa = PBXBuildFile; fileRef = D84A44CE16A0F8B400CF00A9 /* ZZDataChannelOutput.m */; };
		D84A44D116A0F8B400CF00A9 /* ZZDataChannelOutput.m in Sources */ = {isa = PBXBuildFile; fileRef = D84A44CE16A0F8B400CF00A9 /* ZZDataChannelOutput.m */; };
		D88E8DFF16375C66002207B3 /* dog.jpg in Resources */ = {isa = PBXBuildFile; fileRef = D88E8DFD16375C66002207B3 /* dog.jpg */; };
		D88E8E0016375C66002207B3 /* dog.png in Resources */ = {isa = PBXBuildFile; fileRef = D88E8DFE16375C66002207B3 /* dog.png */; };
		D88E8E07163816FD002207B3 /* ZZOldArchiveEntry.h in Headers */ = {isa = PBXBuildFile; fileRef = D88E8E05163816FD002207B3 /* ZZOldArchiveEntry.h */; };
		D88E8E08163816FD002207B3 /* ZZOldArchiveEntry.mm in Sources */ = {isa = PBXBuildFile; fileRef = D88E8E06163816FD002207B3 /* ZZOldArchiveEntry.mm */; };
		D88E8E09163816FD002207B3 /* ZZOldArchiveEntry.mm in Sources */ = {isa = PBXBuildFile; fileRef = D88E8E06163816FD002207B3 /* ZZOldArchiveEntry.mm */; };
		D88E8E0A16394A24002207B3 /* Foundation.framework in Frameworks */ = {isa = PBXBuildFile; fileRef = D899CF8A162C5EC100112F49 /* Foundation.framework */; };
		D88E8E0C16394B49002207B3 /* ApplicationServices.framework in Frameworks */ = {isa = PBXBuildFile; fileRef = D88E8E0B16394B49002207B3 /* ApplicationServices.framework */; };
		D899CF9C162C5EC100112F49 /* libzipzap.a in Frameworks */ = {isa = PBXBuildFile; fileRef = D899CF82162C5EC100112F49 /* libzipzap.a */; };
		D899CFA2162C5EC100112F49 /* InfoPlist.strings in Resources */ = {isa = PBXBuildFile; fileRef = D899CFA0162C5EC100112F49 /* InfoPlist.strings */; };
		D899CFEA162C608300112F49 /* ZZArchiveEntry.h in Headers */ = {isa = PBXBuildFile; fileRef = D899CFD8162C608300112F49 /* ZZArchiveEntry.h */; settings = {ATTRIBUTES = (Public, ); }; };
		D899CFEB162C608300112F49 /* ZZArchiveEntry.m in Sources */ = {isa = PBXBuildFile; fileRef = D899CFD9162C608300112F49 /* ZZArchiveEntry.m */; };
		D899CFEC162C608300112F49 /* ZZArchiveEntry.m in Sources */ = {isa = PBXBuildFile; fileRef = D899CFD9162C608300112F49 /* ZZArchiveEntry.m */; };
		D899CFED162C608300112F49 /* ZZArchive.h in Headers */ = {isa = PBXBuildFile; fileRef = D899CFDA162C608300112F49 /* ZZArchive.h */; settings = {ATTRIBUTES = (Public, ); }; };
		D899CFEE162C608300112F49 /* ZZArchive.mm in Sources */ = {isa = PBXBuildFile; fileRef = D899CFDB162C608300112F49 /* ZZArchive.mm */; };
		D899CFEF162C608300112F49 /* ZZArchive.mm in Sources */ = {isa = PBXBuildFile; fileRef = D899CFDB162C608300112F49 /* ZZArchive.mm */; };
		D899CFF0162C608300112F49 /* ZZInflateInputStream.h in Headers */ = {isa = PBXBuildFile; fileRef = D899CFDC162C608300112F49 /* ZZInflateInputStream.h */; };
		D899CFF3162C608300112F49 /* ZZDeflateOutputStream.h in Headers */ = {isa = PBXBuildFile; fileRef = D899CFDE162C608300112F49 /* ZZDeflateOutputStream.h */; };
		D899CFF4162C608300112F49 /* ZZDeflateOutputStream.m in Sources */ = {isa = PBXBuildFile; fileRef = D899CFDF162C608300112F49 /* ZZDeflateOutputStream.m */; };
		D899CFF5162C608300112F49 /* ZZDeflateOutputStream.m in Sources */ = {isa = PBXBuildFile; fileRef = D899CFDF162C608300112F49 /* ZZDeflateOutputStream.m */; };
		D899CFF6162C608300112F49 /* ZZStoreOutputStream.h in Headers */ = {isa = PBXBuildFile; fileRef = D899CFE0162C608300112F49 /* ZZStoreOutputStream.h */; };
		D899CFF7162C608300112F49 /* ZZStoreOutputStream.m in Sources */ = {isa = PBXBuildFile; fileRef = D899CFE1162C608300112F49 /* ZZStoreOutputStream.m */; };
		D899CFF8162C608300112F49 /* ZZStoreOutputStream.m in Sources */ = {isa = PBXBuildFile; fileRef = D899CFE1162C608300112F49 /* ZZStoreOutputStream.m */; };
		D899CFF9162C608300112F49 /* ZZOldArchiveEntryWriter.h in Headers */ = {isa = PBXBuildFile; fileRef = D899CFE2162C608300112F49 /* ZZOldArchiveEntryWriter.h */; };
		D899CFFA162C608300112F49 /* ZZOldArchiveEntryWriter.mm in Sources */ = {isa = PBXBuildFile; fileRef = D899CFE3162C608300112F49 /* ZZOldArchiveEntryWriter.mm */; };
		D899CFFB162C608300112F49 /* ZZOldArchiveEntryWriter.mm in Sources */ = {isa = PBXBuildFile; fileRef = D899CFE3162C608300112F49 /* ZZOldArchiveEntryWriter.mm */; };
		D899CFFC162C608300112F49 /* ZZHeaders.h in Headers */ = {isa = PBXBuildFile; fileRef = D899CFE4162C608300112F49 /* ZZHeaders.h */; };
		D899CFFD162C608300112F49 /* ZZNewArchiveEntry.h in Headers */ = {isa = PBXBuildFile; fileRef = D899CFE5162C608300112F49 /* ZZNewArchiveEntry.h */; settings = {ATTRIBUTES = (); }; };
		D899CFFE162C608300112F49 /* ZZNewArchiveEntry.mm in Sources */ = {isa = PBXBuildFile; fileRef = D899CFE6162C608300112F49 /* ZZNewArchiveEntry.mm */; };
		D899CFFF162C608300112F49 /* ZZNewArchiveEntry.mm in Sources */ = {isa = PBXBuildFile; fileRef = D899CFE6162C608300112F49 /* ZZNewArchiveEntry.mm */; };
		D899D000162C608300112F49 /* ZZNewArchiveEntryWriter.h in Headers */ = {isa = PBXBuildFile; fileRef = D899CFE7162C608300112F49 /* ZZNewArchiveEntryWriter.h */; };
		D899D001162C608300112F49 /* ZZNewArchiveEntryWriter.mm in Sources */ = {isa = PBXBuildFile; fileRef = D899CFE8162C608300112F49 /* ZZNewArchiveEntryWriter.mm */; };
		D899D002162C608300112F49 /* ZZNewArchiveEntryWriter.mm in Sources */ = {isa = PBXBuildFile; fileRef = D899CFE8162C608300112F49 /* ZZNewArchiveEntryWriter.mm */; };
		D899D003162C608300112F49 /* ZZArchiveEntryWriter.h in Headers */ = {isa = PBXBuildFile; fileRef = D899CFE9162C608300112F49 /* ZZArchiveEntryWriter.h */; };
		D899D014162CCA0400112F49 /* li-europan-lingues.txt in Resources */ = {isa = PBXBuildFile; fileRef = D899D013162CCA0400112F49 /* li-europan-lingues.txt */; };
		D899D015162CCA8200112F49 /* lorem-ipsum.txt in Resources */ = {isa = PBXBuildFile; fileRef = D899D012162CC8F100112F49 /* lorem-ipsum.txt */; };
		D899D017162CCEDC00112F49 /* pangram.txt in Resources */ = {isa = PBXBuildFile; fileRef = D899D016162CCEDC00112F49 /* pangram.txt */; };
		D899D01A162CCF9700112F49 /* ZZUnzipTests.m in Sources */ = {isa = PBXBuildFile; fileRef = D899D019162CCF9700112F49 /* ZZUnzipTests.m */; };
		D899D01C162CD51A00112F49 /* libz.dylib in Frameworks */ = {isa = PBXBuildFile; fileRef = D899D01B162CD51A00112F49 /* libz.dylib */; };
		D899D021162F6C9700112F49 /* ZZZipTests.m in Sources */ = {isa = PBXBuildFile; fileRef = D899D020162F6C9700112F49 /* ZZZipTests.m */; };
		D899D0241631888100112F49 /* ZZTasks.m in Sources */ = {isa = PBXBuildFile; fileRef = D899D0231631888000112F49 /* ZZTasks.m */; };
		D8B0FD621640A6B000727A70 /* zipzap.h in Headers */ = {isa = PBXBuildFile; fileRef = D8B0FD611640A6B000727A70 /* zipzap.h */; settings = {ATTRIBUTES = (Public, ); }; };
		D8B0FD661640A77F00727A70 /* zipzap.h in CopyFiles */ = {isa = PBXBuildFile; fileRef = D8B0FD611640A6B000727A70 /* zipzap.h */; };
		D8B0FD671640A77F00727A70 /* ZZArchive.h in CopyFiles */ = {isa = PBXBuildFile; fileRef = D899CFDA162C608300112F49 /* ZZArchive.h */; };
		D8B0FD681640A77F00727A70 /* ZZArchiveEntry.h in CopyFiles */ = {isa = PBXBuildFile; fileRef = D899CFD8162C608300112F49 /* ZZArchiveEntry.h */; };
		D8E366F0188832C0009F3008 /* large-test-encrypted-aes128.zip in Resources */ = {isa = PBXBuildFile; fileRef = D8E366EA188832C0009F3008 /* large-test-encrypted-aes128.zip */; };
		D8E366F1188832C0009F3008 /* large-test-encrypted-aes192.zip in Resources */ = {isa = PBXBuildFile; fileRef = D8E366EB188832C0009F3008 /* large-test-encrypted-aes192.zip */; };
		D8E366F2188832C0009F3008 /* large-test-encrypted-aes256.zip in Resources */ = {isa = PBXBuildFile; fileRef = D8E366EC188832C0009F3008 /* large-test-encrypted-aes256.zip */; };
		D8E366F3188832C0009F3008 /* small-test-encrypted-aes128.zip in Resources */ = {isa = PBXBuildFile; fileRef = D8E366ED188832C0009F3008 /* small-test-encrypted-aes128.zip */; };
		D8E366F4188832C0009F3008 /* small-test-encrypted-aes192.zip in Resources */ = {isa = PBXBuildFile; fileRef = D8E366EE188832C0009F3008 /* small-test-encrypted-aes192.zip */; };
		D8E366F5188832C0009F3008 /* small-test-encrypted-aes256.zip in Resources */ = {isa = PBXBuildFile; fileRef = D8E366EF188832C0009F3008 /* small-test-encrypted-aes256.zip */; };
		D8E3C26A17E6FF0E007D0020 /* XCTest.framework in Frameworks */ = {isa = PBXBuildFile; fileRef = D8E3C26917E6FF0E007D0020 /* XCTest.framework */; };
/* End PBXBuildFile section */

/* Begin PBXContainerItemProxy section */
		D899CF9A162C5EC100112F49 /* PBXContainerItemProxy */ = {
			isa = PBXContainerItemProxy;
			containerPortal = D899CF77162C5E8400112F49 /* Project object */;
			proxyType = 1;
			remoteGlobalIDString = D899CF81162C5EC100112F49;
			remoteInfo = zipzap;
		};
/* End PBXContainerItemProxy section */

/* Begin PBXCopyFilesBuildPhase section */
		D899CFAE162C5EEB00112F49 /* CopyFiles */ = {
			isa = PBXCopyFilesBuildPhase;
			buildActionMask = 2147483647;
			dstPath = "include/${PRODUCT_NAME}";
			dstSubfolderSpec = 16;
			files = (
				D8366ADF16B3625D00BC012E /* ZZError.h in CopyFiles */,
				D8B0FD661640A77F00727A70 /* zipzap.h in CopyFiles */,
				D8B0FD671640A77F00727A70 /* ZZArchive.h in CopyFiles */,
				D8B0FD681640A77F00727A70 /* ZZArchiveEntry.h in CopyFiles */,
			);
			runOnlyForDeploymentPostprocessing = 0;
		};
/* End PBXCopyFilesBuildPhase section */

/* Begin PBXFileReference section */
		5B50392518706368002B2B12 /* ZZConstants.h */ = {isa = PBXFileReference; lastKnownFileType = sourcecode.c.h; path = ZZConstants.h; sourceTree = "<group>"; };
		5B50392E187069E4002B2B12 /* ZZStandardCryptoEngine.cpp */ = {isa = PBXFileReference; fileEncoding = 4; lastKnownFileType = sourcecode.cpp.cpp; path = ZZStandardCryptoEngine.cpp; sourceTree = "<group>"; };
		5B50392F187069E4002B2B12 /* ZZStandardCryptoEngine.h */ = {isa = PBXFileReference; fileEncoding = 4; lastKnownFileType = sourcecode.c.h; path = ZZStandardCryptoEngine.h; sourceTree = "<group>"; };
		5B50393218707C36002B2B12 /* ZZStandardDecryptInputStream.h */ = {isa = PBXFileReference; fileEncoding = 4; lastKnownFileType = sourcecode.c.h; path = ZZStandardDecryptInputStream.h; sourceTree = "<group>"; };
		5BC58CA418745940002FAE04 /* large-test-encrypted-standard.zip */ = {isa = PBXFileReference; lastKnownFileType = archive.zip; path = "large-test-encrypted-standard.zip"; sourceTree = "<group>"; };
		5BC58CA518745940002FAE04 /* small-test-encrypted-standard.zip */ = {isa = PBXFileReference; lastKnownFileType = archive.zip; path = "small-test-encrypted-standard.zip"; sourceTree = "<group>"; };
		D804E4C8187645FE00289404 /* ZZDataProvider.h */ = {isa = PBXFileReference; lastKnownFileType = sourcecode.c.h; path = ZZDataProvider.h; sourceTree = "<group>"; };
		D810EBCE164B19DA00200834 /* 拉链.txt */ = {isa = PBXFileReference; fileEncoding = 4; lastKnownFileType = text; path = "拉链.txt"; sourceTree = "<group>"; };
		D81DF41E1871471E00501A61 /* ZZScopeGuard.h */ = {isa = PBXFileReference; lastKnownFileType = sourcecode.c.h; path = ZZScopeGuard.h; sourceTree = "<group>"; };
		D834255F1876747200E7A559 /* ZZInflateInputStream.m */ = {isa = PBXFileReference; fileEncoding = 4; lastKnownFileType = sourcecode.c.objc; path = ZZInflateInputStream.m; sourceTree = "<group>"; };
		D834256218767E1900E7A559 /* ZZStandardDecryptInputStream.mm */ = {isa = PBXFileReference; fileEncoding = 4; lastKnownFileType = sourcecode.cpp.objcpp; path = ZZStandardDecryptInputStream.mm; sourceTree = "<group>"; };
		D8366ACC16B1F8B400BC012E /* ZZError.h */ = {isa = PBXFileReference; fileEncoding = 4; lastKnownFileType = sourcecode.c.h; path = ZZError.h; sourceTree = "<group>"; };
		D8366ACD16B1F8B400BC012E /* ZZError.m */ = {isa = PBXFileReference; fileEncoding = 4; lastKnownFileType = sourcecode.c.objc; path = ZZError.m; sourceTree = "<group>"; };
		D84A449E16A0D91B00CF00A9 /* ZZChannel.h */ = {isa = PBXFileReference; fileEncoding = 4; lastKnownFileType = sourcecode.c.h; path = ZZChannel.h; sourceTree = "<group>"; };
		D84A44A116A0D99C00CF00A9 /* ZZChannelOutput.h */ = {isa = PBXFileReference; fileEncoding = 4; lastKnownFileType = sourcecode.c.h; path = ZZChannelOutput.h; sourceTree = "<group>"; };
		D84A44A316A0E2F300CF00A9 /* ZZFileChannel.h */ = {isa = PBXFileReference; fileEncoding = 4; lastKnownFileType = sourcecode.c.h; path = ZZFileChannel.h; sourceTree = "<group>"; };
		D84A44A416A0E2F400CF00A9 /* ZZFileChannel.m */ = {isa = PBXFileReference; fileEncoding = 4; lastKnownFileType = sourcecode.c.objc; path = ZZFileChannel.m; sourceTree = "<group>"; };
		D84A44A816A0E30B00CF00A9 /* ZZFileChannelOutput.h */ = {isa = PBXFileReference; fileEncoding = 4; lastKnownFileType = sourcecode.c.h; path = ZZFileChannelOutput.h; sourceTree = "<group>"; };
		D84A44A916A0E30B00CF00A9 /* ZZFileChannelOutput.m */ = {isa = PBXFileReference; fileEncoding = 4; lastKnownFileType = sourcecode.c.objc; path = ZZFileChannelOutput.m; sourceTree = "<group>"; };
		D84A44AD16A0E8D600CF00A9 /* ZZDataChannel.h */ = {isa = PBXFileReference; fileEncoding = 4; lastKnownFileType = sourcecode.c.h; path = ZZDataChannel.h; sourceTree = "<group>"; };
		D84A44AE16A0E8D600CF00A9 /* ZZDataChannel.m */ = {isa = PBXFileReference; fileEncoding = 4; lastKnownFileType = sourcecode.c.objc; path = ZZDataChannel.m; sourceTree = "<group>"; };
		D84A44CD16A0F8B400CF00A9 /* ZZDataChannelOutput.h */ = {isa = PBXFileReference; fileEncoding = 4; lastKnownFileType = sourcecode.c.h; path = ZZDataChannelOutput.h; sourceTree = "<group>"; };
		D84A44CE16A0F8B400CF00A9 /* ZZDataChannelOutput.m */ = {isa = PBXFileReference; fileEncoding = 4; lastKnownFileType = sourcecode.c.objc; path = ZZDataChannelOutput.m; sourceTree = "<group>"; };
		D88E8DFD16375C66002207B3 /* dog.jpg */ = {isa = PBXFileReference; lastKnownFileType = image.jpeg; path = dog.jpg; sourceTree = "<group>"; };
		D88E8DFE16375C66002207B3 /* dog.png */ = {isa = PBXFileReference; lastKnownFileType = image.png; path = dog.png; sourceTree = "<group>"; };
		D88E8E05163816FD002207B3 /* ZZOldArchiveEntry.h */ = {isa = PBXFileReference; fileEncoding = 4; lastKnownFileType = sourcecode.c.h; path = ZZOldArchiveEntry.h; sourceTree = "<group>"; };
		D88E8E06163816FD002207B3 /* ZZOldArchiveEntry.mm */ = {isa = PBXFileReference; fileEncoding = 4; lastKnownFileType = sourcecode.cpp.objcpp; path = ZZOldArchiveEntry.mm; sourceTree = "<group>"; };
		D88E8E0B16394B49002207B3 /* ApplicationServices.framework */ = {isa = PBXFileReference; lastKnownFileType = wrapper.framework; name = ApplicationServices.framework; path = Platforms/MacOSX.platform/Developer/SDKs/MacOSX10.8.sdk/System/Library/Frameworks/ApplicationServices.framework; sourceTree = DEVELOPER_DIR; };
		D899CF82162C5EC100112F49 /* libzipzap.a */ = {isa = PBXFileReference; explicitFileType = archive.ar; includeInIndex = 0; path = libzipzap.a; sourceTree = BUILT_PRODUCTS_DIR; };
		D899CF8A162C5EC100112F49 /* Foundation.framework */ = {isa = PBXFileReference; lastKnownFileType = wrapper.framework; name = Foundation.framework; path = System/Library/Frameworks/Foundation.framework; sourceTree = SDKROOT; };
		D899CF8D162C5EC100112F49 /* zipzap-Prefix.pch */ = {isa = PBXFileReference; lastKnownFileType = sourcecode.c.h; path = "zipzap-Prefix.pch"; sourceTree = "<group>"; };
		D899CF96162C5EC100112F49 /* zipzapTests.xctest */ = {isa = PBXFileReference; explicitFileType = wrapper.cfbundle; includeInIndex = 0; path = zipzapTests.xctest; sourceTree = BUILT_PRODUCTS_DIR; };
		D899CF97162C5EC100112F49 /* SenTestingKit.framework */ = {isa = PBXFileReference; lastKnownFileType = wrapper.framework; name = SenTestingKit.framework; path = Library/Frameworks/SenTestingKit.framework; sourceTree = DEVELOPER_DIR; };
		D899CF9F162C5EC100112F49 /* zipzapTests-Info.plist */ = {isa = PBXFileReference; lastKnownFileType = text.plist.xml; path = "zipzapTests-Info.plist"; sourceTree = "<group>"; };
		D899CFA1162C5EC100112F49 /* en */ = {isa = PBXFileReference; lastKnownFileType = text.plist.strings; name = en; path = en.lproj/InfoPlist.strings; sourceTree = "<group>"; };
		D899CFB0162C5EEB00112F49 /* libzipzap.a */ = {isa = PBXFileReference; explicitFileType = archive.ar; includeInIndex = 0; path = libzipzap.a; sourceTree = BUILT_PRODUCTS_DIR; };
		D899CFD8162C608300112F49 /* ZZArchiveEntry.h */ = {isa = PBXFileReference; fileEncoding = 4; lastKnownFileType = sourcecode.c.h; path = ZZArchiveEntry.h; sourceTree = "<group>"; };
		D899CFD9162C608300112F49 /* ZZArchiveEntry.m */ = {isa = PBXFileReference; fileEncoding = 4; lastKnownFileType = sourcecode.c.objc; path = ZZArchiveEntry.m; sourceTree = "<group>"; };
		D899CFDA162C608300112F49 /* ZZArchive.h */ = {isa = PBXFileReference; fileEncoding = 4; lastKnownFileType = sourcecode.c.h; path = ZZArchive.h; sourceTree = "<group>"; };
		D899CFDB162C608300112F49 /* ZZArchive.mm */ = {isa = PBXFileReference; fileEncoding = 4; lastKnownFileType = sourcecode.cpp.objcpp; path = ZZArchive.mm; sourceTree = "<group>"; };
		D899CFDC162C608300112F49 /* ZZInflateInputStream.h */ = {isa = PBXFileReference; fileEncoding = 4; lastKnownFileType = sourcecode.c.h; path = ZZInflateInputStream.h; sourceTree = "<group>"; };
		D899CFDE162C608300112F49 /* ZZDeflateOutputStream.h */ = {isa = PBXFileReference; fileEncoding = 4; lastKnownFileType = sourcecode.c.h; path = ZZDeflateOutputStream.h; sourceTree = "<group>"; };
		D899CFDF162C608300112F49 /* ZZDeflateOutputStream.m */ = {isa = PBXFileReference; fileEncoding = 4; lastKnownFileType = sourcecode.c.objc; path = ZZDeflateOutputStream.m; sourceTree = "<group>"; };
		D899CFE0162C608300112F49 /* ZZStoreOutputStream.h */ = {isa = PBXFileReference; fileEncoding = 4; lastKnownFileType = sourcecode.c.h; path = ZZStoreOutputStream.h; sourceTree = "<group>"; };
		D899CFE1162C608300112F49 /* ZZStoreOutputStream.m */ = {isa = PBXFileReference; fileEncoding = 4; lastKnownFileType = sourcecode.c.objc; path = ZZStoreOutputStream.m; sourceTree = "<group>"; };
		D899CFE2162C608300112F49 /* ZZOldArchiveEntryWriter.h */ = {isa = PBXFileReference; fileEncoding = 4; lastKnownFileType = sourcecode.c.h; path = ZZOldArchiveEntryWriter.h; sourceTree = "<group>"; };
		D899CFE3162C608300112F49 /* ZZOldArchiveEntryWriter.mm */ = {isa = PBXFileReference; fileEncoding = 4; lastKnownFileType = sourcecode.cpp.objcpp; path = ZZOldArchiveEntryWriter.mm; sourceTree = "<group>"; };
		D899CFE4162C608300112F49 /* ZZHeaders.h */ = {isa = PBXFileReference; fileEncoding = 4; lastKnownFileType = sourcecode.c.h; path = ZZHeaders.h; sourceTree = "<group>"; };
		D899CFE5162C608300112F49 /* ZZNewArchiveEntry.h */ = {isa = PBXFileReference; fileEncoding = 4; lastKnownFileType = sourcecode.c.h; lineEnding = 0; path = ZZNewArchiveEntry.h; sourceTree = "<group>"; };
		D899CFE6162C608300112F49 /* ZZNewArchiveEntry.mm */ = {isa = PBXFileReference; fileEncoding = 4; lastKnownFileType = sourcecode.cpp.objcpp; lineEnding = 0; path = ZZNewArchiveEntry.mm; sourceTree = "<group>"; xcLanguageSpecificationIdentifier = xcode.lang.objcpp; };
		D899CFE7162C608300112F49 /* ZZNewArchiveEntryWriter.h */ = {isa = PBXFileReference; fileEncoding = 4; lastKnownFileType = sourcecode.c.h; path = ZZNewArchiveEntryWriter.h; sourceTree = "<group>"; };
		D899CFE8162C608300112F49 /* ZZNewArchiveEntryWriter.mm */ = {isa = PBXFileReference; fileEncoding = 4; lastKnownFileType = sourcecode.cpp.objcpp; path = ZZNewArchiveEntryWriter.mm; sourceTree = "<group>"; };
		D899CFE9162C608300112F49 /* ZZArchiveEntryWriter.h */ = {isa = PBXFileReference; fileEncoding = 4; lastKnownFileType = sourcecode.c.h; path = ZZArchiveEntryWriter.h; sourceTree = "<group>"; };
		D899D012162CC8F100112F49 /* lorem-ipsum.txt */ = {isa = PBXFileReference; fileEncoding = 4; lastKnownFileType = text; path = "lorem-ipsum.txt"; sourceTree = "<group>"; wrapsLines = 1; };
		D899D013162CCA0400112F49 /* li-europan-lingues.txt */ = {isa = PBXFileReference; fileEncoding = 4; lastKnownFileType = text; path = "li-europan-lingues.txt"; sourceTree = "<group>"; };
		D899D016162CCEDC00112F49 /* pangram.txt */ = {isa = PBXFileReference; fileEncoding = 4; lastKnownFileType = text; path = pangram.txt; sourceTree = "<group>"; };
		D899D018162CCF9700112F49 /* ZZUnzipTests.h */ = {isa = PBXFileReference; fileEncoding = 4; lastKnownFileType = sourcecode.c.h; path = ZZUnzipTests.h; sourceTree = "<group>"; };
		D899D019162CCF9700112F49 /* ZZUnzipTests.m */ = {isa = PBXFileReference; fileEncoding = 4; lastKnownFileType = sourcecode.c.objc; path = ZZUnzipTests.m; sourceTree = "<group>"; };
		D899D01B162CD51A00112F49 /* libz.dylib */ = {isa = PBXFileReference; lastKnownFileType = "compiled.mach-o.dylib"; name = libz.dylib; path = Platforms/MacOSX.platform/Developer/SDKs/MacOSX10.8.sdk/usr/lib/libz.dylib; sourceTree = DEVELOPER_DIR; };
		D899D01D162CD57700112F49 /* libc++.dylib */ = {isa = PBXFileReference; lastKnownFileType = "compiled.mach-o.dylib"; name = "libc++.dylib"; path = "Platforms/MacOSX.platform/Developer/SDKs/MacOSX10.8.sdk/usr/lib/libc++.dylib"; sourceTree = DEVELOPER_DIR; };
		D899D01F162F6C9700112F49 /* ZZZipTests.h */ = {isa = PBXFileReference; fileEncoding = 4; lastKnownFileType = sourcecode.c.h; path = ZZZipTests.h; sourceTree = "<group>"; };
		D899D020162F6C9700112F49 /* ZZZipTests.m */ = {isa = PBXFileReference; fileEncoding = 4; lastKnownFileType = sourcecode.c.objc; path = ZZZipTests.m; sourceTree = "<group>"; };
		D899D0221631888000112F49 /* ZZTasks.h */ = {isa = PBXFileReference; fileEncoding = 4; lastKnownFileType = sourcecode.c.h; path = ZZTasks.h; sourceTree = "<group>"; };
		D899D0231631888000112F49 /* ZZTasks.m */ = {isa = PBXFileReference; fileEncoding = 4; lastKnownFileType = sourcecode.c.objc; path = ZZTasks.m; sourceTree = "<group>"; };
		D8A32627163BFF3D008606AC /* README.markdown */ = {isa = PBXFileReference; lastKnownFileType = text; path = README.markdown; sourceTree = "<group>"; };
		D8A32673163C2240008606AC /* LICENSE.text */ = {isa = PBXFileReference; lastKnownFileType = text; path = LICENSE.text; sourceTree = "<group>"; };
		D8B0FD611640A6B000727A70 /* zipzap.h */ = {isa = PBXFileReference; fileEncoding = 4; lastKnownFileType = sourcecode.c.h; path = zipzap.h; sourceTree = "<group>"; };
		D8E366EA188832C0009F3008 /* large-test-encrypted-aes128.zip */ = {isa = PBXFileReference; lastKnownFileType = archive.zip; path = "large-test-encrypted-aes128.zip"; sourceTree = "<group>"; };
		D8E366EB188832C0009F3008 /* large-test-encrypted-aes192.zip */ = {isa = PBXFileReference; lastKnownFileType = archive.zip; path = "large-test-encrypted-aes192.zip"; sourceTree = "<group>"; };
		D8E366EC188832C0009F3008 /* large-test-encrypted-aes256.zip */ = {isa = PBXFileReference; lastKnownFileType = archive.zip; path = "large-test-encrypted-aes256.zip"; sourceTree = "<group>"; };
		D8E366ED188832C0009F3008 /* small-test-encrypted-aes128.zip */ = {isa = PBXFileReference; lastKnownFileType = archive.zip; path = "small-test-encrypted-aes128.zip"; sourceTree = "<group>"; };
		D8E366EE188832C0009F3008 /* small-test-encrypted-aes192.zip */ = {isa = PBXFileReference; lastKnownFileType = archive.zip; path = "small-test-encrypted-aes192.zip"; sourceTree = "<group>"; };
		D8E366EF188832C0009F3008 /* small-test-encrypted-aes256.zip */ = {isa = PBXFileReference; lastKnownFileType = archive.zip; path = "small-test-encrypted-aes256.zip"; sourceTree = "<group>"; };
		D8E3C26917E6FF0E007D0020 /* XCTest.framework */ = {isa = PBXFileReference; lastKnownFileType = wrapper.framework; name = XCTest.framework; path = Library/Frameworks/XCTest.framework; sourceTree = DEVELOPER_DIR; };
/* End PBXFileReference section */

/* Begin PBXFrameworksBuildPhase section */
		D899CF7F162C5EC100112F49 /* Frameworks */ = {
			isa = PBXFrameworksBuildPhase;
			buildActionMask = 2147483647;
			files = (
			);
			runOnlyForDeploymentPostprocessing = 0;
		};
		D899CF92162C5EC100112F49 /* Frameworks */ = {
			isa = PBXFrameworksBuildPhase;
			buildActionMask = 2147483647;
			files = (
				D899D01C162CD51A00112F49 /* libz.dylib in Frameworks */,
				D88E8E0C16394B49002207B3 /* ApplicationServices.framework in Frameworks */,
				D88E8E0A16394A24002207B3 /* Foundation.framework in Frameworks */,
				D8E3C26A17E6FF0E007D0020 /* XCTest.framework in Frameworks */,
				D899CF9C162C5EC100112F49 /* libzipzap.a in Frameworks */,
			);
			runOnlyForDeploymentPostprocessing = 0;
		};
		D899CFAD162C5EEB00112F49 /* Frameworks */ = {
			isa = PBXFrameworksBuildPhase;
			buildActionMask = 2147483647;
			files = (
			);
			runOnlyForDeploymentPostprocessing = 0;
		};
/* End PBXFrameworksBuildPhase section */

/* Begin PBXGroup section */
		2757532D16AEE58D00388503 /* Public */ = {
			isa = PBXGroup;
			children = (
				D8B0FD611640A6B000727A70 /* zipzap.h */,
				D899CFDA162C608300112F49 /* ZZArchive.h */,
				D899CFDB162C608300112F49 /* ZZArchive.mm */,
				D899CFD8162C608300112F49 /* ZZArchiveEntry.h */,
				D899CFD9162C608300112F49 /* ZZArchiveEntry.m */,
				D8366ACC16B1F8B400BC012E /* ZZError.h */,
				D8366ACD16B1F8B400BC012E /* ZZError.m */,
				5B50392518706368002B2B12 /* ZZConstants.h */,
			);
			name = Public;
			sourceTree = "<group>";
		};
		2757532E16AEE59F00388503 /* Private */ = {
			isa = PBXGroup;
			children = (
				D81DF41E1871471E00501A61 /* ZZScopeGuard.h */,
				D899CFE5162C608300112F49 /* ZZNewArchiveEntry.h */,
				D899CFE6162C608300112F49 /* ZZNewArchiveEntry.mm */,
				D88E8E05163816FD002207B3 /* ZZOldArchiveEntry.h */,
				D88E8E06163816FD002207B3 /* ZZOldArchiveEntry.mm */,
				D899CFE9162C608300112F49 /* ZZArchiveEntryWriter.h */,
				D899CFE7162C608300112F49 /* ZZNewArchiveEntryWriter.h */,
				D899CFE8162C608300112F49 /* ZZNewArchiveEntryWriter.mm */,
				D899CFE2162C608300112F49 /* ZZOldArchiveEntryWriter.h */,
				D899CFE3162C608300112F49 /* ZZOldArchiveEntryWriter.mm */,
				D84A449E16A0D91B00CF00A9 /* ZZChannel.h */,
				D84A44A116A0D99C00CF00A9 /* ZZChannelOutput.h */,
				D84A44AD16A0E8D600CF00A9 /* ZZDataChannel.h */,
				D84A44AE16A0E8D600CF00A9 /* ZZDataChannel.m */,
				D84A44CD16A0F8B400CF00A9 /* ZZDataChannelOutput.h */,
				D84A44CE16A0F8B400CF00A9 /* ZZDataChannelOutput.m */,
				D804E4C8187645FE00289404 /* ZZDataProvider.h */,
				D899CFDE162C608300112F49 /* ZZDeflateOutputStream.h */,
				D899CFDF162C608300112F49 /* ZZDeflateOutputStream.m */,
				D84A44A316A0E2F300CF00A9 /* ZZFileChannel.h */,
				D84A44A416A0E2F400CF00A9 /* ZZFileChannel.m */,
				D84A44A816A0E30B00CF00A9 /* ZZFileChannelOutput.h */,
				D84A44A916A0E30B00CF00A9 /* ZZFileChannelOutput.m */,
				D899CFE4162C608300112F49 /* ZZHeaders.h */,
				D899CFDC162C608300112F49 /* ZZInflateInputStream.h */,
				D834255F1876747200E7A559 /* ZZInflateInputStream.m */,
				5B50393218707C36002B2B12 /* ZZStandardDecryptInputStream.h */,
				D834256218767E1900E7A559 /* ZZStandardDecryptInputStream.mm */,
				D899CFE0162C608300112F49 /* ZZStoreOutputStream.h */,
				D899CFE1162C608300112F49 /* ZZStoreOutputStream.m */,
				5B50392F187069E4002B2B12 /* ZZStandardCryptoEngine.h */,
				5B50392E187069E4002B2B12 /* ZZStandardCryptoEngine.cpp */,
			);
			name = Private;
			sourceTree = "<group>";
		};
		5BC58CA318745940002FAE04 /* assets */ = {
			isa = PBXGroup;
			children = (
				D8E366EA188832C0009F3008 /* large-test-encrypted-aes128.zip */,
				D8E366EB188832C0009F3008 /* large-test-encrypted-aes192.zip */,
				D8E366EC188832C0009F3008 /* large-test-encrypted-aes256.zip */,
				D8E366ED188832C0009F3008 /* small-test-encrypted-aes128.zip */,
				D8E366EE188832C0009F3008 /* small-test-encrypted-aes192.zip */,
				D8E366EF188832C0009F3008 /* small-test-encrypted-aes256.zip */,
				5BC58CA418745940002FAE04 /* large-test-encrypted-standard.zip */,
				5BC58CA518745940002FAE04 /* small-test-encrypted-standard.zip */,
			);
			path = assets;
			sourceTree = "<group>";
		};
		D899CF75162C5E8400112F49 = {
			isa = PBXGroup;
			children = (
				D899CF8B162C5EC100112F49 /* zipzap */,
				D899CF9D162C5EC100112F49 /* zipzapTests */,
				D899CF84162C5EC100112F49 /* Frameworks */,
				D899CF83162C5EC100112F49 /* Products */,
				D8A32673163C2240008606AC /* LICENSE.text */,
				D8A32627163BFF3D008606AC /* README.markdown */,
			);
			indentWidth = 4;
			sourceTree = "<group>";
			tabWidth = 4;
			usesTabs = 1;
		};
		D899CF83162C5EC100112F49 /* Products */ = {
			isa = PBXGroup;
			children = (
				D899CF82162C5EC100112F49 /* libzipzap.a */,
				D899CF96162C5EC100112F49 /* zipzapTests.xctest */,
				D899CFB0162C5EEB00112F49 /* libzipzap.a */,
			);
			name = Products;
			sourceTree = "<group>";
		};
		D899CF84162C5EC100112F49 /* Frameworks */ = {
			isa = PBXGroup;
			children = (
				D8E3C26917E6FF0E007D0020 /* XCTest.framework */,
				D899D01D162CD57700112F49 /* libc++.dylib */,
				D899D01B162CD51A00112F49 /* libz.dylib */,
				D88E8E0B16394B49002207B3 /* ApplicationServices.framework */,
				D899CF8A162C5EC100112F49 /* Foundation.framework */,
				D899CF97162C5EC100112F49 /* SenTestingKit.framework */,
			);
			name = Frameworks;
			sourceTree = "<group>";
		};
		D899CF8B162C5EC100112F49 /* zipzap */ = {
			isa = PBXGroup;
			children = (
				2757532D16AEE58D00388503 /* Public */,
				2757532E16AEE59F00388503 /* Private */,
				D899CF8C162C5EC100112F49 /* Supporting Files */,
			);
			path = zipzap;
			sourceTree = "<group>";
		};
		D899CF8C162C5EC100112F49 /* Supporting Files */ = {
			isa = PBXGroup;
			children = (
				D899CF8D162C5EC100112F49 /* zipzap-Prefix.pch */,
			);
			name = "Supporting Files";
			sourceTree = "<group>";
		};
		D899CF9D162C5EC100112F49 /* zipzapTests */ = {
			isa = PBXGroup;
			children = (
				D899D0221631888000112F49 /* ZZTasks.h */,
				D899D0231631888000112F49 /* ZZTasks.m */,
				D899D018162CCF9700112F49 /* ZZUnzipTests.h */,
				D899D019162CCF9700112F49 /* ZZUnzipTests.m */,
				D899D01F162F6C9700112F49 /* ZZZipTests.h */,
				D899D020162F6C9700112F49 /* ZZZipTests.m */,
				5BC58CA318745940002FAE04 /* assets */,
				D899CF9E162C5EC100112F49 /* Supporting Files */,
			);
			path = zipzapTests;
			sourceTree = "<group>";
		};
		D899CF9E162C5EC100112F49 /* Supporting Files */ = {
			isa = PBXGroup;
			children = (
				D88E8DFD16375C66002207B3 /* dog.jpg */,
				D88E8DFE16375C66002207B3 /* dog.png */,
				D899CF9F162C5EC100112F49 /* zipzapTests-Info.plist */,
				D899CFA0162C5EC100112F49 /* InfoPlist.strings */,
				D899D013162CCA0400112F49 /* li-europan-lingues.txt */,
				D899D012162CC8F100112F49 /* lorem-ipsum.txt */,
				D899D016162CCEDC00112F49 /* pangram.txt */,
				D810EBCE164B19DA00200834 /* 拉链.txt */,
			);
			name = "Supporting Files";
			sourceTree = "<group>";
		};
/* End PBXGroup section */

/* Begin PBXHeadersBuildPhase section */
		D899CF80162C5EC100112F49 /* Headers */ = {
			isa = PBXHeadersBuildPhase;
			buildActionMask = 2147483647;
			files = (
				D8B0FD621640A6B000727A70 /* zipzap.h in Headers */,
				D899CFED162C608300112F49 /* ZZArchive.h in Headers */,
				D899CFEA162C608300112F49 /* ZZArchiveEntry.h in Headers */,
				D8366ACE16B1F8B400BC012E /* ZZError.h in Headers */,
				D899D003162C608300112F49 /* ZZArchiveEntryWriter.h in Headers */,
				D899CFF0162C608300112F49 /* ZZInflateInputStream.h in Headers */,
				D899CFF3162C608300112F49 /* ZZDeflateOutputStream.h in Headers */,
				D899CFFC162C608300112F49 /* ZZHeaders.h in Headers */,
				D899CFFD162C608300112F49 /* ZZNewArchiveEntry.h in Headers */,
				D899D000162C608300112F49 /* ZZNewArchiveEntryWriter.h in Headers */,
				D899CFF9162C608300112F49 /* ZZOldArchiveEntryWriter.h in Headers */,
				D88E8E07163816FD002207B3 /* ZZOldArchiveEntry.h in Headers */,
				D899CFF6162C608300112F49 /* ZZStoreOutputStream.h in Headers */,
				D84A449F16A0D91B00CF00A9 /* ZZChannel.h in Headers */,
				5B50393418707C37002B2B12 /* ZZStandardDecryptInputStream.h in Headers */,
				D84A44A216A0D99C00CF00A9 /* ZZChannelOutput.h in Headers */,
				D84A44A516A0E2F400CF00A9 /* ZZFileChannel.h in Headers */,
				D84A44AA16A0E30C00CF00A9 /* ZZFileChannelOutput.h in Headers */,
				D84A44AF16A0E8D600CF00A9 /* ZZDataChannel.h in Headers */,
				5B503931187069E4002B2B12 /* ZZStandardCryptoEngine.h in Headers */,
				D84A44CF16A0F8B400CF00A9 /* ZZDataChannelOutput.h in Headers */,
			);
			runOnlyForDeploymentPostprocessing = 0;
		};
/* End PBXHeadersBuildPhase section */

/* Begin PBXNativeTarget section */
		D899CF81162C5EC100112F49 /* zipzap (OS X) */ = {
			isa = PBXNativeTarget;
			buildConfigurationList = D899CFA6162C5EC100112F49 /* Build configuration list for PBXNativeTarget "zipzap (OS X)" */;
			buildPhases = (
				D899CF7E162C5EC100112F49 /* Sources */,
				D899CF7F162C5EC100112F49 /* Frameworks */,
				D899CF80162C5EC100112F49 /* Headers */,
			);
			buildRules = (
			);
			dependencies = (
			);
			name = "zipzap (OS X)";
			productName = zipzap;
			productReference = D899CF82162C5EC100112F49 /* libzipzap.a */;
			productType = "com.apple.product-type.library.static";
		};
		D899CF95162C5EC100112F49 /* zipzapTests */ = {
			isa = PBXNativeTarget;
			buildConfigurationList = D899CFA9162C5EC100112F49 /* Build configuration list for PBXNativeTarget "zipzapTests" */;
			buildPhases = (
				D899CF91162C5EC100112F49 /* Sources */,
				D899CF92162C5EC100112F49 /* Frameworks */,
				D899CF93162C5EC100112F49 /* Resources */,
				D899CF94162C5EC100112F49 /* ShellScript */,
			);
			buildRules = (
			);
			dependencies = (
				D899CF9B162C5EC100112F49 /* PBXTargetDependency */,
			);
			name = zipzapTests;
			productName = zipzapTests;
			productReference = D899CF96162C5EC100112F49 /* zipzapTests.xctest */;
			productType = "com.apple.product-type.bundle";
		};
		D899CFAF162C5EEB00112F49 /* zipzap (iOS) */ = {
			isa = PBXNativeTarget;
			buildConfigurationList = D899CFD0162C5EEC00112F49 /* Build configuration list for PBXNativeTarget "zipzap (iOS)" */;
			buildPhases = (
				D899CFAC162C5EEB00112F49 /* Sources */,
				D899CFAD162C5EEB00112F49 /* Frameworks */,
				D899CFAE162C5EEB00112F49 /* CopyFiles */,
			);
			buildRules = (
			);
			dependencies = (
			);
			name = "zipzap (iOS)";
			productName = zipzap;
			productReference = D899CFB0162C5EEB00112F49 /* libzipzap.a */;
			productType = "com.apple.product-type.library.static";
		};
/* End PBXNativeTarget section */

/* Begin PBXProject section */
		D899CF77162C5E8400112F49 /* Project object */ = {
			isa = PBXProject;
			attributes = {
				LastUpgradeCheck = 0500;
			};
			buildConfigurationList = D899CF7A162C5E8400112F49 /* Build configuration list for PBXProject "zipzap" */;
			compatibilityVersion = "Xcode 3.2";
			developmentRegion = English;
			hasScannedForEncodings = 0;
			knownRegions = (
				en,
			);
			mainGroup = D899CF75162C5E8400112F49;
			productRefGroup = D899CF83162C5EC100112F49 /* Products */;
			projectDirPath = "";
			projectRoot = "";
			targets = (
				D899CF81162C5EC100112F49 /* zipzap (OS X) */,
				D899CFAF162C5EEB00112F49 /* zipzap (iOS) */,
				D899CF95162C5EC100112F49 /* zipzapTests */,
			);
		};
/* End PBXProject section */

/* Begin PBXResourcesBuildPhase section */
		D899CF93162C5EC100112F49 /* Resources */ = {
			isa = PBXResourcesBuildPhase;
			buildActionMask = 2147483647;
			files = (
				D8E366F5188832C0009F3008 /* small-test-encrypted-aes256.zip in Resources */,
				D899CFA2162C5EC100112F49 /* InfoPlist.strings in Resources */,
				D899D014162CCA0400112F49 /* li-europan-lingues.txt in Resources */,
				D899D015162CCA8200112F49 /* lorem-ipsum.txt in Resources */,
				D899D017162CCEDC00112F49 /* pangram.txt in Resources */,
				D8E366F0188832C0009F3008 /* large-test-encrypted-aes128.zip in Resources */,
				D88E8DFF16375C66002207B3 /* dog.jpg in Resources */,
				D8E366F2188832C0009F3008 /* large-test-encrypted-aes256.zip in Resources */,
				D88E8E0016375C66002207B3 /* dog.png in Resources */,
				5BC58CA718745940002FAE04 /* small-test-encrypted-standard.zip in Resources */,
				D8E366F1188832C0009F3008 /* large-test-encrypted-aes192.zip in Resources */,
				D8E366F3188832C0009F3008 /* small-test-encrypted-aes128.zip in Resources */,
				D8E366F4188832C0009F3008 /* small-test-encrypted-aes192.zip in Resources */,
				D810EBCF164B19DA00200834 /* 拉链.txt in Resources */,
				5BC58CA618745940002FAE04 /* large-test-encrypted-standard.zip in Resources */,
			);
			runOnlyForDeploymentPostprocessing = 0;
		};
/* End PBXResourcesBuildPhase section */

/* Begin PBXShellScriptBuildPhase section */
		D899CF94162C5EC100112F49 /* ShellScript */ = {
			isa = PBXShellScriptBuildPhase;
			buildActionMask = 2147483647;
			files = (
			);
			inputPaths = (
			);
			outputPaths = (
			);
			runOnlyForDeploymentPostprocessing = 0;
			shellPath = /bin/sh;
			shellScript = "# Run the unit tests in this test bundle.\n\"${SYSTEM_DEVELOPER_DIR}/Tools/RunUnitTests\"\n";
		};
/* End PBXShellScriptBuildPhase section */

/* Begin PBXSourcesBuildPhase section */
		D899CF7E162C5EC100112F49 /* Sources */ = {
			isa = PBXSourcesBuildPhase;
			buildActionMask = 2147483647;
			files = (
				D83425601876747200E7A559 /* ZZInflateInputStream.m in Sources */,
				D899CFEB162C608300112F49 /* ZZArchiveEntry.m in Sources */,
				D899CFEE162C608300112F49 /* ZZArchive.mm in Sources */,
				D899CFF4162C608300112F49 /* ZZDeflateOutputStream.m in Sources */,
				D899CFF7162C608300112F49 /* ZZStoreOutputStream.m in Sources */,
				D899CFFA162C608300112F49 /* ZZOldArchiveEntryWriter.mm in Sources */,
				D899CFFE162C608300112F49 /* ZZNewArchiveEntry.mm in Sources */,
				D834256318767E1900E7A559 /* ZZStandardDecryptInputStream.mm in Sources */,
				D899D001162C608300112F49 /* ZZNewArchiveEntryWriter.mm in Sources */,
				D88E8E08163816FD002207B3 /* ZZOldArchiveEntry.mm in Sources */,
				D84A44A616A0E2F400CF00A9 /* ZZFileChannel.m in Sources */,
				D84A44AB16A0E30C00CF00A9 /* ZZFileChannelOutput.m in Sources */,
				D84A44B016A0E8D600CF00A9 /* ZZDataChannel.m in Sources */,
				D84A44D016A0F8B400CF00A9 /* ZZDataChannelOutput.m in Sources */,
				D8366ACF16B1F8B400BC012E /* ZZError.m in Sources */,
				5B503930187069E4002B2B12 /* ZZStandardCryptoEngine.cpp in Sources */,
			);
			runOnlyForDeploymentPostprocessing = 0;
		};
		D899CF91162C5EC100112F49 /* Sources */ = {
			isa = PBXSourcesBuildPhase;
			buildActionMask = 2147483647;
			files = (
				5BC58CB318745D30002FAE04 /* ZZDeflateOutputStream.m in Sources */,
				5BC58CB218745D2E002FAE04 /* ZZFileChannelOutput.m in Sources */,
				5BC58CAD18745D22002FAE04 /* ZZStandardCryptoEngine.cpp in Sources */,
				5BC58CB718745D35002FAE04 /* ZZNewArchiveEntryWriter.mm in Sources */,
				5BC58CB518745D35002FAE04 /* ZZNewArchiveEntry.mm in Sources */,
				5BC58CB818745D35002FAE04 /* ZZOldArchiveEntryWriter.mm in Sources */,
				D899D01A162CCF9700112F49 /* ZZUnzipTests.m in Sources */,
				D899D021162F6C9700112F49 /* ZZZipTests.m in Sources */,
				5BC58CB918745D35002FAE04 /* ZZDataChannel.m in Sources */,
				5BC58CBA18745D35002FAE04 /* ZZDataChannelOutput.m in Sources */,
				5BC58CB018745D28002FAE04 /* ZZStoreOutputStream.m in Sources */,
				D899D0241631888100112F49 /* ZZTasks.m in Sources */,
				5BC58CB418745D30002FAE04 /* ZZFileChannel.m in Sources */,
				5BC58CB618745D35002FAE04 /* ZZOldArchiveEntry.mm in Sources */,
			);
			runOnlyForDeploymentPostprocessing = 0;
		};
		D899CFAC162C5EEB00112F49 /* Sources */ = {
			isa = PBXSourcesBuildPhase;
			buildActionMask = 2147483647;
			files = (
				D83425611876747200E7A559 /* ZZInflateInputStream.m in Sources */,
				D899CFEC162C608300112F49 /* ZZArchiveEntry.m in Sources */,
				D899CFEF162C608300112F49 /* ZZArchive.mm in Sources */,
				D899CFF5162C608300112F49 /* ZZDeflateOutputStream.m in Sources */,
				5BC58CAC18745D22002FAE04 /* ZZStandardCryptoEngine.cpp in Sources */,
				D899CFF8162C608300112F49 /* ZZStoreOutputStream.m in Sources */,
				D834256418767E1900E7A559 /* ZZStandardDecryptInputStream.mm in Sources */,
				D899CFFB162C608300112F49 /* ZZOldArchiveEntryWriter.mm in Sources */,
				D899CFFF162C608300112F49 /* ZZNewArchiveEntry.mm in Sources */,
				D899D002162C608300112F49 /* ZZNewArchiveEntryWriter.mm in Sources */,
				D88E8E09163816FD002207B3 /* ZZOldArchiveEntry.mm in Sources */,
				D84A44A716A0E2F400CF00A9 /* ZZFileChannel.m in Sources */,
				D84A44AC16A0E30C00CF00A9 /* ZZFileChannelOutput.m in Sources */,
				D84A44B116A0E8D600CF00A9 /* ZZDataChannel.m in Sources */,
				D84A44D116A0F8B400CF00A9 /* ZZDataChannelOutput.m in Sources */,
				D8366AD016B1F8B400BC012E /* ZZError.m in Sources */,
			);
			runOnlyForDeploymentPostprocessing = 0;
		};
/* End PBXSourcesBuildPhase section */

/* Begin PBXTargetDependency section */
		D899CF9B162C5EC100112F49 /* PBXTargetDependency */ = {
			isa = PBXTargetDependency;
			target = D899CF81162C5EC100112F49 /* zipzap (OS X) */;
			targetProxy = D899CF9A162C5EC100112F49 /* PBXContainerItemProxy */;
		};
/* End PBXTargetDependency section */

/* Begin PBXVariantGroup section */
		D899CFA0162C5EC100112F49 /* InfoPlist.strings */ = {
			isa = PBXVariantGroup;
			children = (
				D899CFA1162C5EC100112F49 /* en */,
			);
			name = InfoPlist.strings;
			sourceTree = "<group>";
		};
/* End PBXVariantGroup section */

/* Begin XCBuildConfiguration section */
		D899CF7C162C5E8400112F49 /* Debug */ = {
			isa = XCBuildConfiguration;
			buildSettings = {
			};
			name = Debug;
		};
		D899CF7D162C5E8400112F49 /* Release */ = {
			isa = XCBuildConfiguration;
			buildSettings = {
			};
			name = Release;
		};
		D899CFA7162C5EC100112F49 /* Debug */ = {
			isa = XCBuildConfiguration;
			buildSettings = {
				ALWAYS_SEARCH_USER_PATHS = NO;
				CLANG_CXX_LANGUAGE_STANDARD = "c++0x";
				CLANG_CXX_LIBRARY = "libc++";
				CLANG_ENABLE_OBJC_ARC = YES;
				CLANG_WARN_BOOL_CONVERSION = YES;
				CLANG_WARN_CONSTANT_CONVERSION = YES;
				CLANG_WARN_DIRECT_OBJC_ISA_USAGE = YES_ERROR;
				CLANG_WARN_EMPTY_BODY = YES;
				CLANG_WARN_ENUM_CONVERSION = YES;
				CLANG_WARN_INT_CONVERSION = YES;
				CLANG_WARN_OBJC_ROOT_CLASS = YES_ERROR;
				CLANG_WARN__DUPLICATE_METHOD_MATCH = YES;
				COPY_PHASE_STRIP = NO;
				GCC_C_LANGUAGE_STANDARD = c99;
				GCC_DYNAMIC_NO_PIC = NO;
				GCC_ENABLE_CPP_EXCEPTIONS = NO;
				GCC_ENABLE_OBJC_EXCEPTIONS = NO;
				GCC_OPTIMIZATION_LEVEL = 0;
				GCC_PRECOMPILE_PREFIX_HEADER = YES;
				GCC_PREFIX_HEADER = "zipzap/zipzap-Prefix.pch";
				GCC_PREPROCESSOR_DEFINITIONS = (
					"DEBUG=1",
					"$(inherited)",
				);
				GCC_SYMBOLS_PRIVATE_EXTERN = NO;
				GCC_WARN_64_TO_32_BIT_CONVERSION = YES;
				GCC_WARN_ABOUT_RETURN_TYPE = YES_ERROR;
				GCC_WARN_UNDECLARED_SELECTOR = YES;
				GCC_WARN_UNINITIALIZED_AUTOS = YES;
				GCC_WARN_UNUSED_FUNCTION = YES;
				GCC_WARN_UNUSED_VARIABLE = YES;
				MACOSX_DEPLOYMENT_TARGET = 10.7;
				OTHER_CPLUSPLUSFLAGS = (
					"$(OTHER_CFLAGS)",
					"-fno-objc-arc-exceptions",
				);
				PRODUCT_NAME = zipzap;
				SDKROOT = macosx;
			};
			name = Debug;
		};
		D899CFA8162C5EC100112F49 /* Release */ = {
			isa = XCBuildConfiguration;
			buildSettings = {
				ALWAYS_SEARCH_USER_PATHS = NO;
				CLANG_CXX_LANGUAGE_STANDARD = "c++0x";
				CLANG_CXX_LIBRARY = "libc++";
				CLANG_ENABLE_OBJC_ARC = YES;
				CLANG_WARN_BOOL_CONVERSION = YES;
				CLANG_WARN_CONSTANT_CONVERSION = YES;
				CLANG_WARN_DIRECT_OBJC_ISA_USAGE = YES_ERROR;
				CLANG_WARN_EMPTY_BODY = YES;
				CLANG_WARN_ENUM_CONVERSION = YES;
				CLANG_WARN_INT_CONVERSION = YES;
				CLANG_WARN_OBJC_ROOT_CLASS = YES_ERROR;
				CLANG_WARN__DUPLICATE_METHOD_MATCH = YES;
				COPY_PHASE_STRIP = YES;
				DEBUG_INFORMATION_FORMAT = "dwarf-with-dsym";
				ENABLE_NS_ASSERTIONS = NO;
				GCC_C_LANGUAGE_STANDARD = c99;
				GCC_ENABLE_CPP_EXCEPTIONS = NO;
				GCC_ENABLE_OBJC_EXCEPTIONS = NO;
				GCC_PRECOMPILE_PREFIX_HEADER = YES;
				GCC_PREFIX_HEADER = "zipzap/zipzap-Prefix.pch";
				GCC_WARN_64_TO_32_BIT_CONVERSION = YES;
				GCC_WARN_ABOUT_RETURN_TYPE = YES_ERROR;
				GCC_WARN_UNDECLARED_SELECTOR = YES;
				GCC_WARN_UNINITIALIZED_AUTOS = YES;
				GCC_WARN_UNUSED_FUNCTION = YES;
				GCC_WARN_UNUSED_VARIABLE = YES;
				MACOSX_DEPLOYMENT_TARGET = 10.7;
				OTHER_CPLUSPLUSFLAGS = (
					"$(OTHER_CFLAGS)",
					"-fno-objc-arc-exceptions",
				);
				PRODUCT_NAME = zipzap;
				SDKROOT = macosx;
			};
			name = Release;
		};
		D899CFAA162C5EC100112F49 /* Debug */ = {
			isa = XCBuildConfiguration;
			buildSettings = {
				ALWAYS_SEARCH_USER_PATHS = NO;
				CLANG_CXX_LANGUAGE_STANDARD = "c++0x";
				CLANG_CXX_LIBRARY = "libc++";
				CLANG_ENABLE_OBJC_ARC = YES;
				CLANG_WARN_BOOL_CONVERSION = YES;
				CLANG_WARN_CONSTANT_CONVERSION = YES;
				CLANG_WARN_DIRECT_OBJC_ISA_USAGE = YES_ERROR;
				CLANG_WARN_EMPTY_BODY = YES;
				CLANG_WARN_ENUM_CONVERSION = YES;
				CLANG_WARN_INT_CONVERSION = YES;
				CLANG_WARN_OBJC_ROOT_CLASS = YES_ERROR;
				CLANG_WARN__DUPLICATE_METHOD_MATCH = YES;
				COMBINE_HIDPI_IMAGES = YES;
				COPY_PHASE_STRIP = NO;
				FRAMEWORK_SEARCH_PATHS = "$(DEVELOPER_FRAMEWORKS_DIR)";
				GCC_C_LANGUAGE_STANDARD = c99;
				GCC_DYNAMIC_NO_PIC = NO;
				GCC_ENABLE_OBJC_EXCEPTIONS = YES;
				GCC_OPTIMIZATION_LEVEL = 0;
				GCC_PRECOMPILE_PREFIX_HEADER = YES;
				GCC_PREFIX_HEADER = "zipzap/zipzap-Prefix.pch";
				GCC_PREPROCESSOR_DEFINITIONS = (
					"DEBUG=1",
					"$(inherited)",
				);
				GCC_SYMBOLS_PRIVATE_EXTERN = NO;
				GCC_WARN_64_TO_32_BIT_CONVERSION = YES;
				GCC_WARN_ABOUT_RETURN_TYPE = YES_ERROR;
				GCC_WARN_UNDECLARED_SELECTOR = YES;
				GCC_WARN_UNINITIALIZED_AUTOS = YES;
				GCC_WARN_UNUSED_FUNCTION = YES;
				GCC_WARN_UNUSED_VARIABLE = YES;
				HEADER_SEARCH_PATHS = ../zipzap;
				INFOPLIST_FILE = "zipzapTests/zipzapTests-Info.plist";
				MACOSX_DEPLOYMENT_TARGET = 10.7;
				PRODUCT_NAME = zipzapTests;
				SDKROOT = macosx;
				WRAPPER_EXTENSION = xctest;
			};
			name = Debug;
		};
		D899CFAB162C5EC100112F49 /* Release */ = {
			isa = XCBuildConfiguration;
			buildSettings = {
				ALWAYS_SEARCH_USER_PATHS = NO;
				CLANG_CXX_LANGUAGE_STANDARD = "c++0x";
				CLANG_CXX_LIBRARY = "libc++";
				CLANG_ENABLE_OBJC_ARC = YES;
				CLANG_WARN_BOOL_CONVERSION = YES;
				CLANG_WARN_CONSTANT_CONVERSION = YES;
				CLANG_WARN_DIRECT_OBJC_ISA_USAGE = YES_ERROR;
				CLANG_WARN_EMPTY_BODY = YES;
				CLANG_WARN_ENUM_CONVERSION = YES;
				CLANG_WARN_INT_CONVERSION = YES;
				CLANG_WARN_OBJC_ROOT_CLASS = YES_ERROR;
				CLANG_WARN__DUPLICATE_METHOD_MATCH = YES;
				COMBINE_HIDPI_IMAGES = YES;
				COPY_PHASE_STRIP = YES;
				DEBUG_INFORMATION_FORMAT = "dwarf-with-dsym";
				ENABLE_NS_ASSERTIONS = NO;
				FRAMEWORK_SEARCH_PATHS = "$(DEVELOPER_FRAMEWORKS_DIR)";
				GCC_C_LANGUAGE_STANDARD = c99;
				GCC_ENABLE_OBJC_EXCEPTIONS = YES;
				GCC_PRECOMPILE_PREFIX_HEADER = YES;
				GCC_PREFIX_HEADER = "zipzap/zipzap-Prefix.pch";
				GCC_WARN_64_TO_32_BIT_CONVERSION = YES;
				GCC_WARN_ABOUT_RETURN_TYPE = YES_ERROR;
				GCC_WARN_UNDECLARED_SELECTOR = YES;
				GCC_WARN_UNINITIALIZED_AUTOS = YES;
				GCC_WARN_UNUSED_FUNCTION = YES;
				GCC_WARN_UNUSED_VARIABLE = YES;
				HEADER_SEARCH_PATHS = ../zipzap;
				INFOPLIST_FILE = "zipzapTests/zipzapTests-Info.plist";
				MACOSX_DEPLOYMENT_TARGET = 10.7;
				PRODUCT_NAME = zipzapTests;
				SDKROOT = macosx;
				WRAPPER_EXTENSION = xctest;
			};
			name = Release;
		};
		D899CFD1162C5EEC00112F49 /* Debug */ = {
			isa = XCBuildConfiguration;
			buildSettings = {
				ALWAYS_SEARCH_USER_PATHS = NO;
				ARCHS = "$(ARCHS_STANDARD_INCLUDING_64_BIT)";
				CLANG_CXX_LANGUAGE_STANDARD = "c++0x";
				CLANG_CXX_LIBRARY = "libc++";
				CLANG_ENABLE_OBJC_ARC = YES;
				CLANG_WARN_BOOL_CONVERSION = YES;
				CLANG_WARN_CONSTANT_CONVERSION = YES;
				CLANG_WARN_DIRECT_OBJC_ISA_USAGE = YES_ERROR;
				CLANG_WARN_EMPTY_BODY = YES;
				CLANG_WARN_ENUM_CONVERSION = YES;
				CLANG_WARN_INT_CONVERSION = YES;
				CLANG_WARN_OBJC_ROOT_CLASS = YES_ERROR;
				CLANG_WARN__DUPLICATE_METHOD_MATCH = YES;
				COPY_PHASE_STRIP = NO;
				DSTROOT = /tmp/zipzap.dst;
				GCC_C_LANGUAGE_STANDARD = c99;
				GCC_DYNAMIC_NO_PIC = NO;
				GCC_ENABLE_CPP_EXCEPTIONS = NO;
				GCC_ENABLE_OBJC_EXCEPTIONS = NO;
				GCC_OPTIMIZATION_LEVEL = 0;
				GCC_PRECOMPILE_PREFIX_HEADER = YES;
				GCC_PREFIX_HEADER = "zipzap/zipzap-Prefix.pch";
				GCC_PREPROCESSOR_DEFINITIONS = (
					"DEBUG=1",
					"$(inherited)",
				);
				GCC_SYMBOLS_PRIVATE_EXTERN = NO;
				GCC_WARN_64_TO_32_BIT_CONVERSION = YES;
				GCC_WARN_ABOUT_RETURN_TYPE = YES_ERROR;
				GCC_WARN_UNDECLARED_SELECTOR = YES;
				GCC_WARN_UNINITIALIZED_AUTOS = YES;
				GCC_WARN_UNUSED_FUNCTION = YES;
				GCC_WARN_UNUSED_VARIABLE = YES;
				IPHONEOS_DEPLOYMENT_TARGET = 6.0;
				OTHER_CPLUSPLUSFLAGS = (
					"$(OTHER_CFLAGS)",
					"-fno-objc-arc-exceptions",
				);
				OTHER_LDFLAGS = "-ObjC";
				PRODUCT_NAME = zipzap;
				SDKROOT = iphoneos;
				SKIP_INSTALL = YES;
			};
			name = Debug;
		};
		D899CFD2162C5EEC00112F49 /* Release */ = {
			isa = XCBuildConfiguration;
			buildSettings = {
				ALWAYS_SEARCH_USER_PATHS = NO;
				ARCHS = "$(ARCHS_STANDARD_INCLUDING_64_BIT)";
				CLANG_CXX_LANGUAGE_STANDARD = "c++0x";
				CLANG_CXX_LIBRARY = "libc++";
				CLANG_ENABLE_OBJC_ARC = YES;
				CLANG_WARN_BOOL_CONVERSION = YES;
				CLANG_WARN_CONSTANT_CONVERSION = YES;
				CLANG_WARN_DIRECT_OBJC_ISA_USAGE = YES_ERROR;
				CLANG_WARN_EMPTY_BODY = YES;
				CLANG_WARN_ENUM_CONVERSION = YES;
				CLANG_WARN_INT_CONVERSION = YES;
				CLANG_WARN_OBJC_ROOT_CLASS = YES_ERROR;
				CLANG_WARN__DUPLICATE_METHOD_MATCH = YES;
				COPY_PHASE_STRIP = YES;
				DSTROOT = /tmp/zipzap.dst;
				ENABLE_NS_ASSERTIONS = NO;
				GCC_C_LANGUAGE_STANDARD = c99;
				GCC_ENABLE_CPP_EXCEPTIONS = NO;
				GCC_ENABLE_OBJC_EXCEPTIONS = NO;
				GCC_PRECOMPILE_PREFIX_HEADER = YES;
				GCC_PREFIX_HEADER = "zipzap/zipzap-Prefix.pch";
				GCC_WARN_64_TO_32_BIT_CONVERSION = YES;
				GCC_WARN_ABOUT_RETURN_TYPE = YES_ERROR;
				GCC_WARN_UNDECLARED_SELECTOR = YES;
				GCC_WARN_UNINITIALIZED_AUTOS = YES;
				GCC_WARN_UNUSED_FUNCTION = YES;
				GCC_WARN_UNUSED_VARIABLE = YES;
				IPHONEOS_DEPLOYMENT_TARGET = 6.0;
				OTHER_CPLUSPLUSFLAGS = (
					"$(OTHER_CFLAGS)",
					"-fno-objc-arc-exceptions",
				);
				OTHER_LDFLAGS = "-ObjC";
				PRODUCT_NAME = zipzap;
				SDKROOT = iphoneos;
				SKIP_INSTALL = YES;
				VALIDATE_PRODUCT = YES;
			};
			name = Release;
		};
/* End XCBuildConfiguration section */

/* Begin XCConfigurationList section */
		D899CF7A162C5E8400112F49 /* Build configuration list for PBXProject "zipzap" */ = {
			isa = XCConfigurationList;
			buildConfigurations = (
				D899CF7C162C5E8400112F49 /* Debug */,
				D899CF7D162C5E8400112F49 /* Release */,
			);
			defaultConfigurationIsVisible = 0;
			defaultConfigurationName = Release;
		};
		D899CFA6162C5EC100112F49 /* Build configuration list for PBXNativeTarget "zipzap (OS X)" */ = {
			isa = XCConfigurationList;
			buildConfigurations = (
				D899CFA7162C5EC100112F49 /* Debug */,
				D899CFA8162C5EC100112F49 /* Release */,
			);
			defaultConfigurationIsVisible = 0;
			defaultConfigurationName = Release;
		};
		D899CFA9162C5EC100112F49 /* Build configuration list for PBXNativeTarget "zipzapTests" */ = {
			isa = XCConfigurationList;
			buildConfigurations = (
				D899CFAA162C5EC100112F49 /* Debug */,
				D899CFAB162C5EC100112F49 /* Release */,
			);
			defaultConfigurationIsVisible = 0;
			defaultConfigurationName = Release;
		};
		D899CFD0162C5EEC00112F49 /* Build configuration list for PBXNativeTarget "zipzap (iOS)" */ = {
			isa = XCConfigurationList;
			buildConfigurations = (
				D899CFD1162C5EEC00112F49 /* Debug */,
				D899CFD2162C5EEC00112F49 /* Release */,
			);
			defaultConfigurationIsVisible = 0;
			defaultConfigurationName = Release;
		};
/* End XCConfigurationList section */
	};
	rootObject = D899CF77162C5E8400112F49 /* Project object */;
}
